
Microsoft Visual Studio Solution File, Format Version 12.00
# Visual Studio Version 17
VisualStudioVersion = 17.14.37012.4 d17.14
MinimumVisualStudioVersion = 10.0.40219.1
Project("{FAE04EC0-301F-11D3-BF4B-00C04F79EFBC}") = "Automated-Loan-Agreement", "Automated-Loan-Agreement\Automated-Loan-Agreement.csproj", "{1D6E1A4E-133F-4C74-9C0D-23EF0EE950EA}"
EndProject
Global
	GlobalSection(SolutionConfigurationPlatforms) = preSolution
		Debug|Any CPU = Debug|Any CPU
		Release|Any CPU = Release|Any CPU
	EndGlobalSection
	GlobalSection(ProjectConfigurationPlatforms) = postSolution
		{1D6E1A4E-133F-4C74-9C0D-23EF0EE950EA}.Debug|Any CPU.ActiveCfg = Debug|Any CPU
		{1D6E1A4E-133F-4C74-9C0D-23EF0EE950EA}.Debug|Any CPU.Build.0 = Debug|Any CPU
		{1D6E1A4E-133F-4C74-9C0D-23EF0EE950EA}.Release|Any CPU.ActiveCfg = Release|Any CPU
		{1D6E1A4E-133F-4C74-9C0D-23EF0EE950EA}.Release|Any CPU.Build.0 = Release|Any CPU
	EndGlobalSection
	GlobalSection(SolutionProperties) = preSolution
		HideSolutionNode = FALSE
	EndGlobalSection
	GlobalSection(ExtensibilityGlobals) = postSolution
		SolutionGuid = {63D49C53-CF98-4F5A-AE6E-7CE6D45E2187}
	EndGlobalSection
EndGlobal
